
Microsoft Visual Studio Solution File, Format Version 12.00
# Visual Studio Version 17
VisualStudioVersion = 17.1.32319.34
MinimumVisualStudioVersion = 10.0.40219.1
Project("{8BC9CEB8-8B4A-11D0-8D11-00A0C91BC942}") = "LAB-8.1.7", "LAB-8.1.7\LAB-8.1.7.vcxproj", "{38E7154E-5653-40EC-BD67-F07DD63207CB}"
EndProject
Global
	GlobalSection(SolutionConfigurationPlatforms) = preSolution
		Debug|x64 = Debug|x64
		Debug|x86 = Debug|x86
		Release|x64 = Release|x64
		Release|x86 = Release|x86
	EndGlobalSection
	GlobalSection(ProjectConfigurationPlatforms) = postSolution
		{38E7154E-5653-40EC-BD67-F07DD63207CB}.Debug|x64.ActiveCfg = Debug|x64
		{38E7154E-5653-40EC-BD67-F07DD63207CB}.Debug|x64.Build.0 = Debug|x64
		{38E7154E-5653-40EC-BD67-F07DD63207CB}.Debug|x86.ActiveCfg = Debug|Win32
		{38E7154E-5653-40EC-BD67-F07DD63207CB}.Debug|x86.Build.0 = Debug|Win32
		{38E7154E-5653-40EC-BD67-F07DD63207CB}.Release|x64.ActiveCfg = Release|x64
		{38E7154E-5653-40EC-BD67-F07DD63207CB}.Release|x64.Build.0 = Release|x64
		{38E7154E-5653-40EC-BD67-F07DD63207CB}.Release|x86.ActiveCfg = Release|Win32
		{38E7154E-5653-40EC-BD67-F07DD63207CB}.Release|x86.Build.0 = Release|Win32
	EndGlobalSection
	GlobalSection(SolutionProperties) = preSolution
		HideSolutionNode = FALSE
	EndGlobalSection
	GlobalSection(ExtensibilityGlobals) = postSolution
		SolutionGuid = {A799B81A-CBB7-4079-B0DD-233D8B6E4B4B}
	EndGlobalSection
EndGlobal
